
Microsoft Visual Studio Solution File, Format Version 12.00
# Visual Studio Version 16
VisualStudioVersion = 16.0.29503.13
MinimumVisualStudioVersion = 10.0.40219.1
Project("{FAE04EC0-301F-11D3-BF4B-00C04F79EFBC}") = "Post", "Post.csproj", "{F674B6B4-143D-4217-8FCC-9B22B3736B64}"
EndProject
Global
	GlobalSection(SolutionConfigurationPlatforms) = preSolution
		Debug|Any CPU = Debug|Any CPU
		Release|Any CPU = Release|Any CPU
	EndGlobalSection
	GlobalSection(ProjectConfigurationPlatforms) = postSolution
		{F674B6B4-143D-4217-8FCC-9B22B3736B64}.Debug|Any CPU.ActiveCfg = Debug|Any CPU
		{F674B6B4-143D-4217-8FCC-9B22B3736B64}.Debug|Any CPU.Build.0 = Debug|Any CPU
		{F674B6B4-143D-4217-8FCC-9B22B3736B64}.Release|Any CPU.ActiveCfg = Release|Any CPU
		{F674B6B4-143D-4217-8FCC-9B22B3736B64}.Release|Any CPU.Build.0 = Release|Any CPU
	EndGlobalSection
	GlobalSection(SolutionProperties) = preSolution
		HideSolutionNode = FALSE
	EndGlobalSection
	GlobalSection(ExtensibilityGlobals) = postSolution
		SolutionGuid = {C6771F37-9791-4841-AF97-67DB6A57FD90}
	EndGlobalSection
EndGlobal
